// !$*UTF8*$!
{
	archiveVersion = 1;
	classes = {
	};
	objectVersion = 56;
	objects = {

/* Begin PBXBuildFile section */
		18CA9B2E2AE405EF00C3342A /* CardViewController.swift in Sources */ = {isa = PBXBuildFile; fileRef = 18CA9B2D2AE405EF00C3342A /* CardViewController.swift */; };
		18CA9B302AE406D500C3342A /* CardTableViewCell.swift in Sources */ = {isa = PBXBuildFile; fileRef = 18CA9B2F2AE406D500C3342A /* CardTableViewCell.swift */; };
		E591A768298BDDE7006F2213 /* AppDelegate.swift in Sources */ = {isa = PBXBuildFile; fileRef = E591A767298BDDE7006F2213 /* AppDelegate.swift */; };
		E591A76A298BDDE7006F2213 /* SceneDelegate.swift in Sources */ = {isa = PBXBuildFile; fileRef = E591A769298BDDE7006F2213 /* SceneDelegate.swift */; };
		E591A76C298BDDE7006F2213 /* ViewController.swift in Sources */ = {isa = PBXBuildFile; fileRef = E591A76B298BDDE7006F2213 /* ViewController.swift */; };
		E591A76F298BDDE7006F2213 /* Main.storyboard in Resources */ = {isa = PBXBuildFile; fileRef = E591A76D298BDDE7006F2213 /* Main.storyboard */; };
		E591A771298BDDF0006F2213 /* Assets.xcassets in Resources */ = {isa = PBXBuildFile; fileRef = E591A770298BDDF0006F2213 /* Assets.xcassets */; };
		E591A774298BDDF0006F2213 /* LaunchScreen.storyboard in Resources */ = {isa = PBXBuildFile; fileRef = E591A772298BDDF0006F2213 /* LaunchScreen.storyboard */; };
		E591A77C298BE1DB006F2213 /* CustomCellViewController.swift in Sources */ = {isa = PBXBuildFile; fileRef = E591A77B298BE1DB006F2213 /* CustomCellViewController.swift */; };
		E591A77E298BE28B006F2213 /* CustomCellTableViewCell.swift in Sources */ = {isa = PBXBuildFile; fileRef = E591A77D298BE28B006F2213 /* CustomCellTableViewCell.swift */; };
		E591A783298BE8A0006F2213 /* ThirdTableViewNibCell.swift in Sources */ = {isa = PBXBuildFile; fileRef = E591A781298BE8A0006F2213 /* ThirdTableViewNibCell.swift */; };
		E591A784298BE8A0006F2213 /* ThirdTableViewNibCell.xib in Resources */ = {isa = PBXBuildFile; fileRef = E591A782298BE8A0006F2213 /* ThirdTableViewNibCell.xib */; };
		E591A786298BF019006F2213 /* ThirdTableViewController.swift in Sources */ = {isa = PBXBuildFile; fileRef = E591A785298BF019006F2213 /* ThirdTableViewController.swift */; };
		E591A788298C070B006F2213 /* FourthViewController.swift in Sources */ = {isa = PBXBuildFile; fileRef = E591A787298C070B006F2213 /* FourthViewController.swift */; };
		E591A78A298C18EB006F2213 /* AnimationTBViewController.swift in Sources */ = {isa = PBXBuildFile; fileRef = E591A789298C18EB006F2213 /* AnimationTBViewController.swift */; };
		E591A78E298C1DB0006F2213 /* WaveAnimationVC.swift in Sources */ = {isa = PBXBuildFile; fileRef = E591A78D298C1DB0006F2213 /* WaveAnimationVC.swift */; };
		E591A790298C216E006F2213 /* TopLeftRightBottomViewController.swift in Sources */ = {isa = PBXBuildFile; fileRef = E591A78F298C216E006F2213 /* TopLeftRightBottomViewController.swift */; };
		E591A792298C23B0006F2213 /* LinearAnimationViewController.swift in Sources */ = {isa = PBXBuildFile; fileRef = E591A791298C23B0006F2213 /* LinearAnimationViewController.swift */; };
		E591A794298C25F9006F2213 /* RotationalViewController.swift in Sources */ = {isa = PBXBuildFile; fileRef = E591A793298C25F9006F2213 /* RotationalViewController.swift */; };
		E591A796298C27A4006F2213 /* ScallingTableViewController.swift in Sources */ = {isa = PBXBuildFile; fileRef = E591A795298C27A4006F2213 /* ScallingTableViewController.swift */; };
		E591A798298C2930006F2213 /* SlideWithRoationViewController.swift in Sources */ = {isa = PBXBuildFile; fileRef = E591A797298C2930006F2213 /* SlideWithRoationViewController.swift */; };
		E591A7A0298D11CB006F2213 /* TopViewController.swift in Sources */ = {isa = PBXBuildFile; fileRef = E591A79F298D11CA006F2213 /* TopViewController.swift */; };
/* End PBXBuildFile section */

/* Begin PBXFileReference section */
		18CA9B2D2AE405EF00C3342A /* CardViewController.swift */ = {isa = PBXFileReference; lastKnownFileType = sourcecode.swift; path = CardViewController.swift; sourceTree = "<group>"; };
		18CA9B2F2AE406D500C3342A /* CardTableViewCell.swift */ = {isa = PBXFileReference; lastKnownFileType = sourcecode.swift; path = CardTableViewCell.swift; sourceTree = "<group>"; };
		E591A764298BDDE7006F2213 /* AllTypesOfTableView.app */ = {isa = PBXFileReference; explicitFileType = wrapper.application; includeInIndex = 0; path = AllTypesOfTableView.app; sourceTree = BUILT_PRODUCTS_DIR; };
		E591A767298BDDE7006F2213 /* AppDelegate.swift */ = {isa = PBXFileReference; lastKnownFileType = sourcecode.swift; path = AppDelegate.swift; sourceTree = "<group>"; };
		E591A769298BDDE7006F2213 /* SceneDelegate.swift */ = {isa = PBXFileReference; lastKnownFileType = sourcecode.swift; path = SceneDelegate.swift; sourceTree = "<group>"; };
		E591A76B298BDDE7006F2213 /* ViewController.swift */ = {isa = PBXFileReference; lastKnownFileType = sourcecode.swift; path = ViewController.swift; sourceTree = "<group>"; };
		E591A76E298BDDE7006F2213 /* Base */ = {isa = PBXFileReference; lastKnownFileType = file.storyboard; name = Base; path = Base.lproj/Main.storyboard; sourceTree = "<group>"; };
		E591A770298BDDF0006F2213 /* Assets.xcassets */ = {isa = PBXFileReference; lastKnownFileType = folder.assetcatalog; path = Assets.xcassets; sourceTree = "<group>"; };
		E591A773298BDDF0006F2213 /* Base */ = {isa = PBXFileReference; lastKnownFileType = file.storyboard; name = Base; path = Base.lproj/LaunchScreen.storyboard; sourceTree = "<group>"; };
		E591A775298BDDF0006F2213 /* Info.plist */ = {isa = PBXFileReference; lastKnownFileType = text.plist.xml; path = Info.plist; sourceTree = "<group>"; };
		E591A77B298BE1DB006F2213 /* CustomCellViewController.swift */ = {isa = PBXFileReference; lastKnownFileType = sourcecode.swift; path = CustomCellViewController.swift; sourceTree = "<group>"; };
		E591A77D298BE28B006F2213 /* CustomCellTableViewCell.swift */ = {isa = PBXFileReference; lastKnownFileType = sourcecode.swift; path = CustomCellTableViewCell.swift; sourceTree = "<group>"; };
		E591A781298BE8A0006F2213 /* ThirdTableViewNibCell.swift */ = {isa = PBXFileReference; lastKnownFileType = sourcecode.swift; path = ThirdTableViewNibCell.swift; sourceTree = "<group>"; };
		E591A782298BE8A0006F2213 /* ThirdTableViewNibCell.xib */ = {isa = PBXFileReference; lastKnownFileType = file.xib; path = ThirdTableViewNibCell.xib; sourceTree = "<group>"; };
		E591A785298BF019006F2213 /* ThirdTableViewController.swift */ = {isa = PBXFileReference; lastKnownFileType = sourcecode.swift; path = ThirdTableViewController.swift; sourceTree = "<group>"; };
		E591A787298C070B006F2213 /* FourthViewController.swift */ = {isa = PBXFileReference; lastKnownFileType = sourcecode.swift; path = FourthViewController.swift; sourceTree = "<group>"; };
		E591A789298C18EB006F2213 /* AnimationTBViewController.swift */ = {isa = PBXFileReference; lastKnownFileType = sourcecode.swift; path = AnimationTBViewController.swift; sourceTree = "<group>"; };
		E591A78D298C1DB0006F2213 /* WaveAnimationVC.swift */ = {isa = PBXFileReference; lastKnownFileType = sourcecode.swift; path = WaveAnimationVC.swift; sourceTree = "<group>"; };
		E591A78F298C216E006F2213 /* TopLeftRightBottomViewController.swift */ = {isa = PBXFileReference; lastKnownFileType = sourcecode.swift; path = TopLeftRightBottomViewController.swift; sourceTree = "<group>"; };
		E591A791298C23B0006F2213 /* LinearAnimationViewController.swift */ = {isa = PBXFileReference; lastKnownFileType = sourcecode.swift; path = LinearAnimationViewController.swift; sourceTree = "<group>"; };
		E591A793298C25F9006F2213 /* RotationalViewController.swift */ = {isa = PBXFileReference; lastKnownFileType = sourcecode.swift; path = RotationalViewController.swift; sourceTree = "<group>"; };
		E591A795298C27A4006F2213 /* ScallingTableViewController.swift */ = {isa = PBXFileReference; lastKnownFileType = sourcecode.swift; path = ScallingTableViewController.swift; sourceTree = "<group>"; };
		E591A797298C2930006F2213 /* SlideWithRoationViewController.swift */ = {isa = PBXFileReference; lastKnownFileType = sourcecode.swift; path = SlideWithRoationViewController.swift; sourceTree = "<group>"; };
		E591A79F298D11CA006F2213 /* TopViewController.swift */ = {isa = PBXFileReference; lastKnownFileType = sourcecode.swift; path = TopViewController.swift; sourceTree = "<group>"; };
/* End PBXFileReference section */

/* Begin PBXFrameworksBuildPhase section */
		E591A761298BDDE7006F2213 /* Frameworks */ = {
			isa = PBXFrameworksBuildPhase;
			buildActionMask = 2147483647;
			files = (
			);
			runOnlyForDeploymentPostprocessing = 0;
		};
/* End PBXFrameworksBuildPhase section */

/* Begin PBXGroup section */
		E591A75B298BDDE7006F2213 = {
			isa = PBXGroup;
			children = (
				E591A766298BDDE7006F2213 /* AllTypesOfTableView */,
				E591A765298BDDE7006F2213 /* Products */,
			);
			sourceTree = "<group>";
		};
		E591A765298BDDE7006F2213 /* Products */ = {
			isa = PBXGroup;
			children = (
				E591A764298BDDE7006F2213 /* AllTypesOfTableView.app */,
			);
			name = Products;
			sourceTree = "<group>";
		};
		E591A766298BDDE7006F2213 /* AllTypesOfTableView */ = {
			isa = PBXGroup;
			children = (
				E591A767298BDDE7006F2213 /* AppDelegate.swift */,
				E591A769298BDDE7006F2213 /* SceneDelegate.swift */,
				E591A79F298D11CA006F2213 /* TopViewController.swift */,
				E591A76B298BDDE7006F2213 /* ViewController.swift */,
				E591A77B298BE1DB006F2213 /* CustomCellViewController.swift */,
				E591A77D298BE28B006F2213 /* CustomCellTableViewCell.swift */,
				E591A785298BF019006F2213 /* ThirdTableViewController.swift */,
				E591A781298BE8A0006F2213 /* ThirdTableViewNibCell.swift */,
				E591A782298BE8A0006F2213 /* ThirdTableViewNibCell.xib */,
				E591A787298C070B006F2213 /* FourthViewController.swift */,
				E591A789298C18EB006F2213 /* AnimationTBViewController.swift */,
				E591A78D298C1DB0006F2213 /* WaveAnimationVC.swift */,
				E591A78F298C216E006F2213 /* TopLeftRightBottomViewController.swift */,
				E591A791298C23B0006F2213 /* LinearAnimationViewController.swift */,
				E591A793298C25F9006F2213 /* RotationalViewController.swift */,
				E591A795298C27A4006F2213 /* ScallingTableViewController.swift */,
				E591A797298C2930006F2213 /* SlideWithRoationViewController.swift */,
				18CA9B2D2AE405EF00C3342A /* CardViewController.swift */,
				18CA9B2F2AE406D500C3342A /* CardTableViewCell.swift */,
				E591A76D298BDDE7006F2213 /* Main.storyboard */,
				E591A770298BDDF0006F2213 /* Assets.xcassets */,
				E591A772298BDDF0006F2213 /* LaunchScreen.storyboard */,
				E591A775298BDDF0006F2213 /* Info.plist */,
			);
			path = AllTypesOfTableView;
			sourceTree = "<group>";
		};
/* End PBXGroup section */

/* Begin PBXNativeTarget section */
		E591A763298BDDE7006F2213 /* AllTypesOfTableView */ = {
			isa = PBXNativeTarget;
			buildConfigurationList = E591A778298BDDF0006F2213 /* Build configuration list for PBXNativeTarget "AllTypesOfTableView" */;
			buildPhases = (
				E591A760298BDDE7006F2213 /* Sources */,
				E591A761298BDDE7006F2213 /* Frameworks */,
				E591A762298BDDE7006F2213 /* Resources */,
			);
			buildRules = (
			);
			dependencies = (
			);
			name = AllTypesOfTableView;
			productName = AllTypesOfTableView;
			productReference = E591A764298BDDE7006F2213 /* AllTypesOfTableView.app */;
			productType = "com.apple.product-type.application";
		};
/* End PBXNativeTarget section */

/* Begin PBXProject section */
		E591A75C298BDDE7006F2213 /* Project object */ = {
			isa = PBXProject;
			attributes = {
				BuildIndependentTargetsInParallel = 1;
				LastSwiftUpdateCheck = 1400;
				LastUpgradeCheck = 1400;
				TargetAttributes = {
					E591A763298BDDE7006F2213 = {
						CreatedOnToolsVersion = 14.0.1;
					};
				};
			};
			buildConfigurationList = E591A75F298BDDE7006F2213 /* Build configuration list for PBXProject "AllTypesOfTableView" */;
			compatibilityVersion = "Xcode 14.0";
			developmentRegion = en;
			hasScannedForEncodings = 0;
			knownRegions = (
				en,
				Base,
			);
			mainGroup = E591A75B298BDDE7006F2213;
			productRefGroup = E591A765298BDDE7006F2213 /* Products */;
			projectDirPath = "";
			projectRoot = "";
			targets = (
				E591A763298BDDE7006F2213 /* AllTypesOfTableView */,
			);
		};
/* End PBXProject section */

/* Begin PBXResourcesBuildPhase section */
		E591A762298BDDE7006F2213 /* Resources */ = {
			isa = PBXResourcesBuildPhase;
			buildActionMask = 2147483647;
			files = (
				E591A774298BDDF0006F2213 /* LaunchScreen.storyboard in Resources */,
				E591A784298BE8A0006F2213 /* ThirdTableViewNibCell.xib in Resources */,
				E591A771298BDDF0006F2213 /* Assets.xcassets in Resources */,
				E591A76F298BDDE7006F2213 /* Main.storyboard in Resources */,
			);
			runOnlyForDeploymentPostprocessing = 0;
		};
/* End PBXResourcesBuildPhase section */

/* Begin PBXSourcesBuildPhase section */
		E591A760298BDDE7006F2213 /* Sources */ = {
			isa = PBXSourcesBuildPhase;
			buildActionMask = 2147483647;
			files = (
				E591A792298C23B0006F2213 /* LinearAnimationViewController.swift in Sources */,
				E591A76C298BDDE7006F2213 /* ViewController.swift in Sources */,
				E591A768298BDDE7006F2213 /* AppDelegate.swift in Sources */,
				E591A76A298BDDE7006F2213 /* SceneDelegate.swift in Sources */,
				E591A7A0298D11CB006F2213 /* TopViewController.swift in Sources */,
				E591A77E298BE28B006F2213 /* CustomCellTableViewCell.swift in Sources */,
				E591A788298C070B006F2213 /* FourthViewController.swift in Sources */,
				18CA9B302AE406D500C3342A /* CardTableViewCell.swift in Sources */,
				E591A77C298BE1DB006F2213 /* CustomCellViewController.swift in Sources */,
				18CA9B2E2AE405EF00C3342A /* CardViewController.swift in Sources */,
				E591A790298C216E006F2213 /* TopLeftRightBottomViewController.swift in Sources */,
				E591A796298C27A4006F2213 /* ScallingTableViewController.swift in Sources */,
				E591A794298C25F9006F2213 /* RotationalViewController.swift in Sources */,
				E591A783298BE8A0006F2213 /* ThirdTableViewNibCell.swift in Sources */,
				E591A78A298C18EB006F2213 /* AnimationTBViewController.swift in Sources */,
				E591A78E298C1DB0006F2213 /* WaveAnimationVC.swift in Sources */,
				E591A798298C2930006F2213 /* SlideWithRoationViewController.swift in Sources */,
				E591A786298BF019006F2213 /* ThirdTableViewController.swift in Sources */,
			);
			runOnlyForDeploymentPostprocessing = 0;
		};
/* End PBXSourcesBuildPhase section */

/* Begin PBXVariantGroup section */
		E591A76D298BDDE7006F2213 /* Main.storyboard */ = {
			isa = PBXVariantGroup;
			children = (
				E591A76E298BDDE7006F2213 /* Base */,
			);
			name = Main.storyboard;
			sourceTree = "<group>";
		};
		E591A772298BDDF0006F2213 /* LaunchScreen.storyboard */ = {
			isa = PBXVariantGroup;
			children = (
				E591A773298BDDF0006F2213 /* Base */,
			);
			name = LaunchScreen.storyboard;
			sourceTree = "<group>";
		};
/* End PBXVariantGroup section */

/* Begin XCBuildConfiguration section */
		E591A776298BDDF0006F2213 /* Debug */ = {
			isa = XCBuildConfiguration;
			buildSettings = {
				ALWAYS_SEARCH_USER_PATHS = NO;
				CLANG_ANALYZER_NONNULL = YES;
				CLANG_ANALYZER_NUMBER_OBJECT_CONVERSION = YES_AGGRESSIVE;
				CLANG_CXX_LANGUAGE_STANDARD = "gnu++20";
				CLANG_ENABLE_MODULES = YES;
				CLANG_ENABLE_OBJC_ARC = YES;
				CLANG_ENABLE_OBJC_WEAK = YES;
				CLANG_WARN_BLOCK_CAPTURE_AUTORELEASING = YES;
				CLANG_WARN_BOOL_CONVERSION = YES;
				CLANG_WARN_COMMA = YES;
				CLANG_WARN_CONSTANT_CONVERSION = YES;
				CLANG_WARN_DEPRECATED_OBJC_IMPLEMENTATIONS = YES;
				CLANG_WARN_DIRECT_OBJC_ISA_USAGE = YES_ERROR;
				CLANG_WARN_DOCUMENTATION_COMMENTS = YES;
				CLANG_WARN_EMPTY_BODY = YES;
				CLANG_WARN_ENUM_CONVERSION = YES;
				CLANG_WARN_INFINITE_RECURSION = YES;
				CLANG_WARN_INT_CONVERSION = YES;
				CLANG_WARN_NON_LITERAL_NULL_CONVERSION = YES;
				CLANG_WARN_OBJC_IMPLICIT_RETAIN_SELF = YES;
				CLANG_WARN_OBJC_LITERAL_CONVERSION = YES;
				CLANG_WARN_OBJC_ROOT_CLASS = YES_ERROR;
				CLANG_WARN_QUOTED_INCLUDE_IN_FRAMEWORK_HEADER = YES;
				CLANG_WARN_RANGE_LOOP_ANALYSIS = YES;
				CLANG_WARN_STRICT_PROTOTYPES = YES;
				CLANG_WARN_SUSPICIOUS_MOVE = YES;
				CLANG_WARN_UNGUARDED_AVAILABILITY = YES_AGGRESSIVE;
				CLANG_WARN_UNREACHABLE_CODE = YES;
				CLANG_WARN__DUPLICATE_METHOD_MATCH = YES;
				COPY_PHASE_STRIP = NO;
				DEBUG_INFORMATION_FORMAT = dwarf;
				ENABLE_STRICT_OBJC_MSGSEND = YES;
				ENABLE_TESTABILITY = YES;
				GCC_C_LANGUAGE_STANDARD = gnu11;
				GCC_DYNAMIC_NO_PIC = NO;
				GCC_NO_COMMON_BLOCKS = YES;
				GCC_OPTIMIZATION_LEVEL = 0;
				GCC_PREPROCESSOR_DEFINITIONS = (
					"DEBUG=1",
					"$(inherited)",
				);
				GCC_WARN_64_TO_32_BIT_CONVERSION = YES;
				GCC_WARN_ABOUT_RETURN_TYPE = YES_ERROR;
				GCC_WARN_UNDECLARED_SELECTOR = YES;
				GCC_WARN_UNINITIALIZED_AUTOS = YES_AGGRESSIVE;
				GCC_WARN_UNUSED_FUNCTION = YES;
				GCC_WARN_UNUSED_VARIABLE = YES;
				IPHONEOS_DEPLOYMENT_TARGET = 16.0;
				MTL_ENABLE_DEBUG_INFO = INCLUDE_SOURCE;
				MTL_FAST_MATH = YES;
				ONLY_ACTIVE_ARCH = YES;
				SDKROOT = iphoneos;
				SWIFT_ACTIVE_COMPILATION_CONDITIONS = DEBUG;
				SWIFT_OPTIMIZATION_LEVEL = "-Onone";
			};
			name = Debug;
		};
		E591A777298BDDF0006F2213 /* Release */ = {
			isa = XCBuildConfiguration;
			buildSettings = {
				ALWAYS_SEARCH_USER_PATHS = NO;
				CLANG_ANALYZER_NONNULL = YES;
				CLANG_ANALYZER_NUMBER_OBJECT_CONVERSION = YES_AGGRESSIVE;
				CLANG_CXX_LANGUAGE_STANDARD = "gnu++20";
				CLANG_ENABLE_MODULES = YES;
				CLANG_ENABLE_OBJC_ARC = YES;
				CLANG_ENABLE_OBJC_WEAK = YES;
				CLANG_WARN_BLOCK_CAPTURE_AUTORELEASING = YES;
				CLANG_WARN_BOOL_CONVERSION = YES;
				CLANG_WARN_COMMA = YES;
				CLANG_WARN_CONSTANT_CONVERSION = YES;
				CLANG_WARN_DEPRECATED_OBJC_IMPLEMENTATIONS = YES;
				CLANG_WARN_DIRECT_OBJC_ISA_USAGE = YES_ERROR;
				CLANG_WARN_DOCUMENTATION_COMMENTS = YES;
				CLANG_WARN_EMPTY_BODY = YES;
				CLANG_WARN_ENUM_CONVERSION = YES;
				CLANG_WARN_INFINITE_RECURSION = YES;
				CLANG_WARN_INT_CONVERSION = YES;
				CLANG_WARN_NON_LITERAL_NULL_CONVERSION = YES;
				CLANG_WARN_OBJC_IMPLICIT_RETAIN_SELF = YES;
				CLANG_WARN_OBJC_LITERAL_CONVERSION = YES;
				CLANG_WARN_OBJC_ROOT_CLASS = YES_ERROR;
				CLANG_WARN_QUOTED_INCLUDE_IN_FRAMEWORK_HEADER = YES;
				CLANG_WARN_RANGE_LOOP_ANALYSIS = YES;
				CLANG_WARN_STRICT_PROTOTYPES = YES;
				CLANG_WARN_SUSPICIOUS_MOVE = YES;
				CLANG_WARN_UNGUARDED_AVAILABILITY = YES_AGGRESSIVE;
				CLANG_WARN_UNREACHABLE_CODE = YES;
				CLANG_WARN__DUPLICATE_METHOD_MATCH = YES;
				COPY_PHASE_STRIP = NO;
				DEBUG_INFORMATION_FORMAT = "dwarf-with-dsym";
				ENABLE_NS_ASSERTIONS = NO;
				ENABLE_STRICT_OBJC_MSGSEND = YES;
				GCC_C_LANGUAGE_STANDARD = gnu11;
				GCC_NO_COMMON_BLOCKS = YES;
				GCC_WARN_64_TO_32_BIT_CONVERSION = YES;
				GCC_WARN_ABOUT_RETURN_TYPE = YES_ERROR;
				GCC_WARN_UNDECLARED_SELECTOR = YES;
				GCC_WARN_UNINITIALIZED_AUTOS = YES_AGGRESSIVE;
				GCC_WARN_UNUSED_FUNCTION = YES;
				GCC_WARN_UNUSED_VARIABLE = YES;
				IPHONEOS_DEPLOYMENT_TARGET = 16.0;
				MTL_ENABLE_DEBUG_INFO = NO;
				MTL_FAST_MATH = YES;
				SDKROOT = iphoneos;
				SWIFT_COMPILATION_MODE = wholemodule;
				SWIFT_OPTIMIZATION_LEVEL = "-O";
				VALIDATE_PRODUCT = YES;
			};
			name = Release;
		};
		E591A779298BDDF0006F2213 /* Debug */ = {
			isa = XCBuildConfiguration;
			buildSettings = {
				ASSETCATALOG_COMPILER_APPICON_NAME = AppIcon;
				ASSETCATALOG_COMPILER_GLOBAL_ACCENT_COLOR_NAME = AccentColor;
				CODE_SIGN_STYLE = Automatic;
				CURRENT_PROJECT_VERSION = 1;
				DEVELOPMENT_TEAM = 79CA3F4JG8;
				GENERATE_INFOPLIST_FILE = YES;
				INFOPLIST_FILE = AllTypesOfTableView/Info.plist;
				INFOPLIST_KEY_UIApplicationSupportsIndirectInputEvents = YES;
				INFOPLIST_KEY_UILaunchStoryboardName = LaunchScreen;
				INFOPLIST_KEY_UIMainStoryboardFile = Main;
				INFOPLIST_KEY_UISupportedInterfaceOrientations_iPad = "UIInterfaceOrientationPortrait UIInterfaceOrientationPortraitUpsideDown UIInterfaceOrientationLandscapeLeft UIInterfaceOrientationLandscapeRight";
				INFOPLIST_KEY_UISupportedInterfaceOrientations_iPhone = "UIInterfaceOrientationPortrait UIInterfaceOrientationLandscapeLeft UIInterfaceOrientationLandscapeRight";
				LD_RUNPATH_SEARCH_PATHS = (
					"$(inherited)",
					"@executable_path/Frameworks",
				);
				MARKETING_VERSION = 1.0;
				PRODUCT_BUNDLE_IDENTIFIER = com.bharat.AllTypesOfTableView;
				PRODUCT_NAME = "$(TARGET_NAME)";
				SWIFT_EMIT_LOC_STRINGS = YES;
				SWIFT_VERSION = 5.0;
				TARGETED_DEVICE_FAMILY = "1,2";
			};
			name = Debug;
		};
		E591A77A298BDDF0006F2213 /* Release */ = {
			isa = XCBuildConfiguration;
			buildSettings = {
				ASSETCATALOG_COMPILER_APPICON_NAME = AppIcon;
				ASSETCATALOG_COMPILER_GLOBAL_ACCENT_COLOR_NAME = AccentColor;
				CODE_SIGN_STYLE = Automatic;
				CURRENT_PROJECT_VERSION = 1;
				DEVELOPMENT_TEAM = 79CA3F4JG8;
				GENERATE_INFOPLIST_FILE = YES;
				INFOPLIST_FILE = AllTypesOfTableView/Info.plist;
				INFOPLIST_KEY_UIApplicationSupportsIndirectInputEvents = YES;
				INFOPLIST_KEY_UILaunchStoryboardName = LaunchScreen;
				INFOPLIST_KEY_UIMainStoryboardFile = Main;
				INFOPLIST_KEY_UISupportedInterfaceOrientations_iPad = "UIInterfaceOrientationPortrait UIInterfaceOrientationPortraitUpsideDown UIInterfaceOrientationLandscapeLeft UIInterfaceOrientationLandscapeRight";
				INFOPLIST_KEY_UISupportedInterfaceOrientations_iPhone = "UIInterfaceOrientationPortrait UIInterfaceOrientationLandscapeLeft UIInterfaceOrientationLandscapeRight";
				LD_RUNPATH_SEARCH_PATHS = (
					"$(inherited)",
					"@executable_path/Frameworks",
				);
				MARKETING_VERSION = 1.0;
				PRODUCT_BUNDLE_IDENTIFIER = com.bharat.AllTypesOfTableView;
				PRODUCT_NAME = "$(TARGET_NAME)";
				SWIFT_EMIT_LOC_STRINGS = YES;
				SWIFT_VERSION = 5.0;
				TARGETED_DEVICE_FAMILY = "1,2";
			};
			name = Release;
		};
/* End XCBuildConfiguration section */

/* Begin XCConfigurationList section */
		E591A75F298BDDE7006F2213 /* Build configuration list for PBXProject "AllTypesOfTableView" */ = {
			isa = XCConfigurationList;
			buildConfigurations = (
				E591A776298BDDF0006F2213 /* Debug */,
				E591A777298BDDF0006F2213 /* Release */,
			);
			defaultConfigurationIsVisible = 0;
			defaultConfigurationName = Release;
		};
		E591A778298BDDF0006F2213 /* Build configuration list for PBXNativeTarget "AllTypesOfTableView" */ = {
			isa = XCConfigurationList;
			buildConfigurations = (
				E591A779298BDDF0006F2213 /* Debug */,
				E591A77A298BDDF0006F2213 /* Release */,
			);
			defaultConfigurationIsVisible = 0;
			defaultConfigurationName = Release;
		};
/* End XCConfigurationList section */
	};
	rootObject = E591A75C298BDDE7006F2213 /* Project object */;
}
